
Microsoft Visual Studio Solution File, Format Version 12.00
# Visual Studio Version 17
VisualStudioVersion = 17.10.35004.147
MinimumVisualStudioVersion = 10.0.40219.1
Project("{2150E333-8FDC-42A3-9474-1A3956D46DE8}") = "src", "src", "{3334AC83-3CC5-4D86-913E-667E42E0DDD8}"
EndProject
Project("{2150E333-8FDC-42A3-9474-1A3956D46DE8}") = "tests", "tests", "{137B071A-8140-414C-A053-10EE2872A645}"
EndProject
Project("{FAE04EC0-301F-11D3-BF4B-00C04F79EFBC}") = "Application.Integration.Tests", "tests\Application.Integration.Tests\Application.Integration.Tests.csproj", "{2528829C-8CED-408F-B594-3E881EFD32D8}"
EndProject
Project("{FAE04EC0-301F-11D3-BF4B-00C04F79EFBC}") = "Infrastructure", "src\Infrastructure\Infrastructure.csproj", "{9ECA3FCD-DE39-4C39-A4FF-662746D7D4B6}"
EndProject
Project("{FAE04EC0-301F-11D3-BF4B-00C04F79EFBC}") = "Domain", "src\Domain\Domain.csproj", "{BCEA92E1-9D79-481A-AEA8-68362B138205}"
EndProject
Project("{FAE04EC0-301F-11D3-BF4B-00C04F79EFBC}") = "Application", "src\Application\Application.csproj", "{1B4A5026-B6C5-44A8-BB9C-044B74F392A7}"
EndProject
Project("{FAE04EC0-301F-11D3-BF4B-00C04F79EFBC}") = "WebApp", "src\WebApp\WebApp.csproj", "{5B45B9B5-7354-4A50-B8A2-73044AEEE160}"
EndProject
Global
	GlobalSection(SolutionConfigurationPlatforms) = preSolution
		Debug|Any CPU = Debug|Any CPU
		Release|Any CPU = Release|Any CPU
	EndGlobalSection
	GlobalSection(ProjectConfigurationPlatforms) = postSolution
		{2528829C-8CED-408F-B594-3E881EFD32D8}.Debug|Any CPU.ActiveCfg = Debug|Any CPU
		{2528829C-8CED-408F-B594-3E881EFD32D8}.Debug|Any CPU.Build.0 = Debug|Any CPU
		{2528829C-8CED-408F-B594-3E881EFD32D8}.Release|Any CPU.ActiveCfg = Release|Any CPU
		{2528829C-8CED-408F-B594-3E881EFD32D8}.Release|Any CPU.Build.0 = Release|Any CPU
		{9ECA3FCD-DE39-4C39-A4FF-662746D7D4B6}.Debug|Any CPU.ActiveCfg = Debug|Any CPU
		{9ECA3FCD-DE39-4C39-A4FF-662746D7D4B6}.Debug|Any CPU.Build.0 = Debug|Any CPU
		{9ECA3FCD-DE39-4C39-A4FF-662746D7D4B6}.Release|Any CPU.ActiveCfg = Release|Any CPU
		{9ECA3FCD-DE39-4C39-A4FF-662746D7D4B6}.Release|Any CPU.Build.0 = Release|Any CPU
		{BCEA92E1-9D79-481A-AEA8-68362B138205}.Debug|Any CPU.ActiveCfg = Debug|Any CPU
		{BCEA92E1-9D79-481A-AEA8-68362B138205}.Debug|Any CPU.Build.0 = Debug|Any CPU
		{BCEA92E1-9D79-481A-AEA8-68362B138205}.Release|Any CPU.ActiveCfg = Release|Any CPU
		{BCEA92E1-9D79-481A-AEA8-68362B138205}.Release|Any CPU.Build.0 = Release|Any CPU
		{1B4A5026-B6C5-44A8-BB9C-044B74F392A7}.Debug|Any CPU.ActiveCfg = Debug|Any CPU
		{1B4A5026-B6C5-44A8-BB9C-044B74F392A7}.Debug|Any CPU.Build.0 = Debug|Any CPU
		{1B4A5026-B6C5-44A8-BB9C-044B74F392A7}.Release|Any CPU.ActiveCfg = Release|Any CPU
		{1B4A5026-B6C5-44A8-BB9C-044B74F392A7}.Release|Any CPU.Build.0 = Release|Any CPU
		{5B45B9B5-7354-4A50-B8A2-73044AEEE160}.Debug|Any CPU.ActiveCfg = Debug|Any CPU
		{5B45B9B5-7354-4A50-B8A2-73044AEEE160}.Debug|Any CPU.Build.0 = Debug|Any CPU
		{5B45B9B5-7354-4A50-B8A2-73044AEEE160}.Release|Any CPU.ActiveCfg = Release|Any CPU
		{5B45B9B5-7354-4A50-B8A2-73044AEEE160}.Release|Any CPU.Build.0 = Release|Any CPU
	EndGlobalSection
	GlobalSection(SolutionProperties) = preSolution
		HideSolutionNode = FALSE
	EndGlobalSection
	GlobalSection(NestedProjects) = preSolution
		{2528829C-8CED-408F-B594-3E881EFD32D8} = {137B071A-8140-414C-A053-10EE2872A645}
		{9ECA3FCD-DE39-4C39-A4FF-662746D7D4B6} = {3334AC83-3CC5-4D86-913E-667E42E0DDD8}
		{BCEA92E1-9D79-481A-AEA8-68362B138205} = {3334AC83-3CC5-4D86-913E-667E42E0DDD8}
		{1B4A5026-B6C5-44A8-BB9C-044B74F392A7} = {3334AC83-3CC5-4D86-913E-667E42E0DDD8}
		{5B45B9B5-7354-4A50-B8A2-73044AEEE160} = {3334AC83-3CC5-4D86-913E-667E42E0DDD8}
	EndGlobalSection
	GlobalSection(ExtensibilityGlobals) = postSolution
		SolutionGuid = {2EC6575F-B6E3-47F4-9928-F9627A36CC4D}
	EndGlobalSection
EndGlobal
